// !$*UTF8*$!
{
	archiveVersion = 1;
	classes = {
	};
	objectVersion = 55;
	objects = {

/* Begin PBXBuildFile section */
		691A00FD2952305100369F3F /* City.swift in Sources */ = {isa = PBXBuildFile; fileRef = 691A00FC2952305100369F3F /* City.swift */; };
		691A010029523C2800369F3F /* BonsaiController in Frameworks */ = {isa = PBXBuildFile; productRef = 691A00FF29523C2800369F3F /* BonsaiController */; };
		691A010229523F1C00369F3F /* ChangeCityViewController.swift in Sources */ = {isa = PBXBuildFile; fileRef = 691A010129523F1C00369F3F /* ChangeCityViewController.swift */; };
		691A010429524B6E00369F3F /* Weather.swift in Sources */ = {isa = PBXBuildFile; fileRef = 691A010329524B6E00369F3F /* Weather.swift */; };
		691A010B2952DC3B00369F3F /* NVActivityIndicatorView in Frameworks */ = {isa = PBXBuildFile; productRef = 691A010A2952DC3B00369F3F /* NVActivityIndicatorView */; };
		691A010D2952DC3B00369F3F /* NVActivityIndicatorViewExtended in Frameworks */ = {isa = PBXBuildFile; productRef = 691A010C2952DC3B00369F3F /* NVActivityIndicatorViewExtended */; };
		69B0F4C12951830E00591EA6 /* Alamofire in Frameworks */ = {isa = PBXBuildFile; productRef = 69B0F4C02951830E00591EA6 /* Alamofire */; };
		69B0F4C4295186AF00591EA6 /* SwiftyJSON in Frameworks */ = {isa = PBXBuildFile; productRef = 69B0F4C3295186AF00591EA6 /* SwiftyJSON */; };
		69D89D2D2906543F007A5DA6 /* AppDelegate.swift in Sources */ = {isa = PBXBuildFile; fileRef = 69D89D2C2906543F007A5DA6 /* AppDelegate.swift */; };
		69D89D2F2906543F007A5DA6 /* SceneDelegate.swift in Sources */ = {isa = PBXBuildFile; fileRef = 69D89D2E2906543F007A5DA6 /* SceneDelegate.swift */; };
		69D89D312906543F007A5DA6 /* ViewController.swift in Sources */ = {isa = PBXBuildFile; fileRef = 69D89D302906543F007A5DA6 /* ViewController.swift */; };
		69D89D342906543F007A5DA6 /* Main.storyboard in Resources */ = {isa = PBXBuildFile; fileRef = 69D89D322906543F007A5DA6 /* Main.storyboard */; };
		69D89D372906543F007A5DA6 /* weather.xcdatamodeld in Sources */ = {isa = PBXBuildFile; fileRef = 69D89D352906543F007A5DA6 /* weather.xcdatamodeld */; };
		69D89D3929065440007A5DA6 /* Assets.xcassets in Resources */ = {isa = PBXBuildFile; fileRef = 69D89D3829065440007A5DA6 /* Assets.xcassets */; };
		69D89D3C29065440007A5DA6 /* LaunchScreen.storyboard in Resources */ = {isa = PBXBuildFile; fileRef = 69D89D3A29065440007A5DA6 /* LaunchScreen.storyboard */; };
/* End PBXBuildFile section */

/* Begin PBXFileReference section */
		691A00FC2952305100369F3F /* City.swift */ = {isa = PBXFileReference; lastKnownFileType = sourcecode.swift; path = City.swift; sourceTree = "<group>"; };
		691A010129523F1C00369F3F /* ChangeCityViewController.swift */ = {isa = PBXFileReference; lastKnownFileType = sourcecode.swift; path = ChangeCityViewController.swift; sourceTree = "<group>"; };
		691A010329524B6E00369F3F /* Weather.swift */ = {isa = PBXFileReference; lastKnownFileType = sourcecode.swift; path = Weather.swift; sourceTree = "<group>"; };
		69D89D292906543F007A5DA6 /* weather.app */ = {isa = PBXFileReference; explicitFileType = wrapper.application; includeInIndex = 0; path = weather.app; sourceTree = BUILT_PRODUCTS_DIR; };
		69D89D2C2906543F007A5DA6 /* AppDelegate.swift */ = {isa = PBXFileReference; lastKnownFileType = sourcecode.swift; path = AppDelegate.swift; sourceTree = "<group>"; };
		69D89D2E2906543F007A5DA6 /* SceneDelegate.swift */ = {isa = PBXFileReference; lastKnownFileType = sourcecode.swift; path = SceneDelegate.swift; sourceTree = "<group>"; };
		69D89D302906543F007A5DA6 /* ViewController.swift */ = {isa = PBXFileReference; lastKnownFileType = sourcecode.swift; path = ViewController.swift; sourceTree = "<group>"; };
		69D89D332906543F007A5DA6 /* Base */ = {isa = PBXFileReference; lastKnownFileType = file.storyboard; name = Base; path = Base.lproj/Main.storyboard; sourceTree = "<group>"; };
		69D89D362906543F007A5DA6 /* weather.xcdatamodel */ = {isa = PBXFileReference; lastKnownFileType = wrapper.xcdatamodel; path = weather.xcdatamodel; sourceTree = "<group>"; };
		69D89D3829065440007A5DA6 /* Assets.xcassets */ = {isa = PBXFileReference; lastKnownFileType = folder.assetcatalog; path = Assets.xcassets; sourceTree = "<group>"; };
		69D89D3B29065440007A5DA6 /* Base */ = {isa = PBXFileReference; lastKnownFileType = file.storyboard; name = Base; path = Base.lproj/LaunchScreen.storyboard; sourceTree = "<group>"; };
		69D89D3D29065440007A5DA6 /* Info.plist */ = {isa = PBXFileReference; lastKnownFileType = text.plist.xml; path = Info.plist; sourceTree = "<group>"; };
/* End PBXFileReference section */

/* Begin PBXFrameworksBuildPhase section */
		69D89D262906543F007A5DA6 /* Frameworks */ = {
			isa = PBXFrameworksBuildPhase;
			buildActionMask = 2147483647;
			files = (
				691A010B2952DC3B00369F3F /* NVActivityIndicatorView in Frameworks */,
				69B0F4C4295186AF00591EA6 /* SwiftyJSON in Frameworks */,
				69B0F4C12951830E00591EA6 /* Alamofire in Frameworks */,
				691A010029523C2800369F3F /* BonsaiController in Frameworks */,
				691A010D2952DC3B00369F3F /* NVActivityIndicatorViewExtended in Frameworks */,
			);
			runOnlyForDeploymentPostprocessing = 0;
		};
/* End PBXFrameworksBuildPhase section */

/* Begin PBXGroup section */
		69B0F4BA29517FAA00591EA6 /* model */ = {
			isa = PBXGroup;
			children = (
				691A00FC2952305100369F3F /* City.swift */,
				691A010329524B6E00369F3F /* Weather.swift */,
			);
			path = model;
			sourceTree = "<group>";
		};
		69B0F4BC29517FC800591EA6 /* Controller */ = {
			isa = PBXGroup;
			children = (
				69D89D302906543F007A5DA6 /* ViewController.swift */,
				691A010129523F1C00369F3F /* ChangeCityViewController.swift */,
			);
			path = Controller;
			sourceTree = "<group>";
		};
		69B0F4BE2951805400591EA6 /* Views */ = {
			isa = PBXGroup;
			children = (
			);
			path = Views;
			sourceTree = "<group>";
		};
		69D89D202906543F007A5DA6 = {
			isa = PBXGroup;
			children = (
				69D89D2B2906543F007A5DA6 /* weather */,
				69D89D2A2906543F007A5DA6 /* Products */,
			);
			sourceTree = "<group>";
		};
		69D89D2A2906543F007A5DA6 /* Products */ = {
			isa = PBXGroup;
			children = (
				69D89D292906543F007A5DA6 /* weather.app */,
			);
			name = Products;
			sourceTree = "<group>";
		};
		69D89D2B2906543F007A5DA6 /* weather */ = {
			isa = PBXGroup;
			children = (
				69D89D2C2906543F007A5DA6 /* AppDelegate.swift */,
				69D89D2E2906543F007A5DA6 /* SceneDelegate.swift */,
				69D89D322906543F007A5DA6 /* Main.storyboard */,
				69D89D3829065440007A5DA6 /* Assets.xcassets */,
				69D89D3A29065440007A5DA6 /* LaunchScreen.storyboard */,
				69D89D3D29065440007A5DA6 /* Info.plist */,
				69D89D352906543F007A5DA6 /* weather.xcdatamodeld */,
				69B0F4BE2951805400591EA6 /* Views */,
				69B0F4BC29517FC800591EA6 /* Controller */,
				69B0F4BA29517FAA00591EA6 /* model */,
			);
			path = weather;
			sourceTree = "<group>";
		};
/* End PBXGroup section */

/* Begin PBXNativeTarget section */
		69D89D282906543F007A5DA6 /* weather */ = {
			isa = PBXNativeTarget;
			buildConfigurationList = 69D89D4029065440007A5DA6 /* Build configuration list for PBXNativeTarget "weather" */;
			buildPhases = (
				69D89D252906543F007A5DA6 /* Sources */,
				69D89D262906543F007A5DA6 /* Frameworks */,
				69D89D272906543F007A5DA6 /* Resources */,
			);
			buildRules = (
			);
			dependencies = (
			);
			name = weather;
			packageProductDependencies = (
				69B0F4C02951830E00591EA6 /* Alamofire */,
				69B0F4C3295186AF00591EA6 /* SwiftyJSON */,
				691A00FF29523C2800369F3F /* BonsaiController */,
				691A010A2952DC3B00369F3F /* NVActivityIndicatorView */,
				691A010C2952DC3B00369F3F /* NVActivityIndicatorViewExtended */,
			);
			productName = weather;
			productReference = 69D89D292906543F007A5DA6 /* weather.app */;
			productType = "com.apple.product-type.application";
		};
/* End PBXNativeTarget section */

/* Begin PBXProject section */
		69D89D212906543F007A5DA6 /* Project object */ = {
			isa = PBXProject;
			attributes = {
				BuildIndependentTargetsInParallel = 1;
				LastSwiftUpdateCheck = 1330;
				LastUpgradeCheck = 1330;
				TargetAttributes = {
					69D89D282906543F007A5DA6 = {
						CreatedOnToolsVersion = 13.3.1;
					};
				};
			};
			buildConfigurationList = 69D89D242906543F007A5DA6 /* Build configuration list for PBXProject "weather" */;
			compatibilityVersion = "Xcode 13.0";
			developmentRegion = en;
			hasScannedForEncodings = 0;
			knownRegions = (
				en,
				Base,
			);
			mainGroup = 69D89D202906543F007A5DA6;
			packageReferences = (
				69B0F4BF2951830E00591EA6 /* XCRemoteSwiftPackageReference "Alamofire" */,
				69B0F4C2295186AF00591EA6 /* XCRemoteSwiftPackageReference "SwiftyJSON" */,
				691A00FE29523C2800369F3F /* XCRemoteSwiftPackageReference "Bonsai" */,
				691A01092952DC3B00369F3F /* XCRemoteSwiftPackageReference "NVActivityIndicatorView" */,
			);
			productRefGroup = 69D89D2A2906543F007A5DA6 /* Products */;
			projectDirPath = "";
			projectRoot = "";
			targets = (
				69D89D282906543F007A5DA6 /* weather */,
			);
		};
/* End PBXProject section */

/* Begin PBXResourcesBuildPhase section */
		69D89D272906543F007A5DA6 /* Resources */ = {
			isa = PBXResourcesBuildPhase;
			buildActionMask = 2147483647;
			files = (
				69D89D3C29065440007A5DA6 /* LaunchScreen.storyboard in Resources */,
				69D89D3929065440007A5DA6 /* Assets.xcassets in Resources */,
				69D89D342906543F007A5DA6 /* Main.storyboard in Resources */,
			);
			runOnlyForDeploymentPostprocessing = 0;
		};
/* End PBXResourcesBuildPhase section */

/* Begin PBXSourcesBuildPhase section */
		69D89D252906543F007A5DA6 /* Sources */ = {
			isa = PBXSourcesBuildPhase;
			buildActionMask = 2147483647;
			files = (
				69D89D372906543F007A5DA6 /* weather.xcdatamodeld in Sources */,
				691A00FD2952305100369F3F /* City.swift in Sources */,
				691A010429524B6E00369F3F /* Weather.swift in Sources */,
				69D89D312906543F007A5DA6 /* ViewController.swift in Sources */,
				69D89D2D2906543F007A5DA6 /* AppDelegate.swift in Sources */,
				69D89D2F2906543F007A5DA6 /* SceneDelegate.swift in Sources */,
				691A010229523F1C00369F3F /* ChangeCityViewController.swift in Sources */,
			);
			runOnlyForDeploymentPostprocessing = 0;
		};
/* End PBXSourcesBuildPhase section */

/* Begin PBXVariantGroup section */
		69D89D322906543F007A5DA6 /* Main.storyboard */ = {
			isa = PBXVariantGroup;
			children = (
				69D89D332906543F007A5DA6 /* Base */,
			);
			name = Main.storyboard;
			sourceTree = "<group>";
		};
		69D89D3A29065440007A5DA6 /* LaunchScreen.storyboard */ = {
			isa = PBXVariantGroup;
			children = (
				69D89D3B29065440007A5DA6 /* Base */,
			);
			name = LaunchScreen.storyboard;
			sourceTree = "<group>";
		};
/* End PBXVariantGroup section */

/* Begin XCBuildConfiguration section */
		69D89D3E29065440007A5DA6 /* Debug */ = {
			isa = XCBuildConfiguration;
			buildSettings = {
				ALWAYS_SEARCH_USER_PATHS = NO;
				CLANG_ANALYZER_NONNULL = YES;
				CLANG_ANALYZER_NUMBER_OBJECT_CONVERSION = YES_AGGRESSIVE;
				CLANG_CXX_LANGUAGE_STANDARD = "gnu++17";
				CLANG_ENABLE_MODULES = YES;
				CLANG_ENABLE_OBJC_ARC = YES;
				CLANG_ENABLE_OBJC_WEAK = YES;
				CLANG_WARN_BLOCK_CAPTURE_AUTORELEASING = YES;
				CLANG_WARN_BOOL_CONVERSION = YES;
				CLANG_WARN_COMMA = YES;
				CLANG_WARN_CONSTANT_CONVERSION = YES;
				CLANG_WARN_DEPRECATED_OBJC_IMPLEMENTATIONS = YES;
				CLANG_WARN_DIRECT_OBJC_ISA_USAGE = YES_ERROR;
				CLANG_WARN_DOCUMENTATION_COMMENTS = YES;
				CLANG_WARN_EMPTY_BODY = YES;
				CLANG_WARN_ENUM_CONVERSION = YES;
				CLANG_WARN_INFINITE_RECURSION = YES;
				CLANG_WARN_INT_CONVERSION = YES;
				CLANG_WARN_NON_LITERAL_NULL_CONVERSION = YES;
				CLANG_WARN_OBJC_IMPLICIT_RETAIN_SELF = YES;
				CLANG_WARN_OBJC_LITERAL_CONVERSION = YES;
				CLANG_WARN_OBJC_ROOT_CLASS = YES_ERROR;
				CLANG_WARN_QUOTED_INCLUDE_IN_FRAMEWORK_HEADER = YES;
				CLANG_WARN_RANGE_LOOP_ANALYSIS = YES;
				CLANG_WARN_STRICT_PROTOTYPES = YES;
				CLANG_WARN_SUSPICIOUS_MOVE = YES;
				CLANG_WARN_UNGUARDED_AVAILABILITY = YES_AGGRESSIVE;
				CLANG_WARN_UNREACHABLE_CODE = YES;
				CLANG_WARN__DUPLICATE_METHOD_MATCH = YES;
				COPY_PHASE_STRIP = NO;
				DEBUG_INFORMATION_FORMAT = dwarf;
				ENABLE_STRICT_OBJC_MSGSEND = YES;
				ENABLE_TESTABILITY = YES;
				GCC_C_LANGUAGE_STANDARD = gnu11;
				GCC_DYNAMIC_NO_PIC = NO;
				GCC_NO_COMMON_BLOCKS = YES;
				GCC_OPTIMIZATION_LEVEL = 0;
				GCC_PREPROCESSOR_DEFINITIONS = (
					"DEBUG=1",
					"$(inherited)",
				);
				GCC_WARN_64_TO_32_BIT_CONVERSION = YES;
				GCC_WARN_ABOUT_RETURN_TYPE = YES_ERROR;
				GCC_WARN_UNDECLARED_SELECTOR = YES;
				GCC_WARN_UNINITIALIZED_AUTOS = YES_AGGRESSIVE;
				GCC_WARN_UNUSED_FUNCTION = YES;
				GCC_WARN_UNUSED_VARIABLE = YES;
				IPHONEOS_DEPLOYMENT_TARGET = 15.4;
				MTL_ENABLE_DEBUG_INFO = INCLUDE_SOURCE;
				MTL_FAST_MATH = YES;
				ONLY_ACTIVE_ARCH = YES;
				SDKROOT = iphoneos;
				SWIFT_ACTIVE_COMPILATION_CONDITIONS = DEBUG;
				SWIFT_OPTIMIZATION_LEVEL = "-Onone";
			};
			name = Debug;
		};
		69D89D3F29065440007A5DA6 /* Release */ = {
			isa = XCBuildConfiguration;
			buildSettings = {
				ALWAYS_SEARCH_USER_PATHS = NO;
				CLANG_ANALYZER_NONNULL = YES;
				CLANG_ANALYZER_NUMBER_OBJECT_CONVERSION = YES_AGGRESSIVE;
				CLANG_CXX_LANGUAGE_STANDARD = "gnu++17";
				CLANG_ENABLE_MODULES = YES;
				CLANG_ENABLE_OBJC_ARC = YES;
				CLANG_ENABLE_OBJC_WEAK = YES;
				CLANG_WARN_BLOCK_CAPTURE_AUTORELEASING = YES;
				CLANG_WARN_BOOL_CONVERSION = YES;
				CLANG_WARN_COMMA = YES;
				CLANG_WARN_CONSTANT_CONVERSION = YES;
				CLANG_WARN_DEPRECATED_OBJC_IMPLEMENTATIONS = YES;
				CLANG_WARN_DIRECT_OBJC_ISA_USAGE = YES_ERROR;
				CLANG_WARN_DOCUMENTATION_COMMENTS = YES;
				CLANG_WARN_EMPTY_BODY = YES;
				CLANG_WARN_ENUM_CONVERSION = YES;
				CLANG_WARN_INFINITE_RECURSION = YES;
				CLANG_WARN_INT_CONVERSION = YES;
				CLANG_WARN_NON_LITERAL_NULL_CONVERSION = YES;
				CLANG_WARN_OBJC_IMPLICIT_RETAIN_SELF = YES;
				CLANG_WARN_OBJC_LITERAL_CONVERSION = YES;
				CLANG_WARN_OBJC_ROOT_CLASS = YES_ERROR;
				CLANG_WARN_QUOTED_INCLUDE_IN_FRAMEWORK_HEADER = YES;
				CLANG_WARN_RANGE_LOOP_ANALYSIS = YES;
				CLANG_WARN_STRICT_PROTOTYPES = YES;
				CLANG_WARN_SUSPICIOUS_MOVE = YES;
				CLANG_WARN_UNGUARDED_AVAILABILITY = YES_AGGRESSIVE;
				CLANG_WARN_UNREACHABLE_CODE = YES;
				CLANG_WARN__DUPLICATE_METHOD_MATCH = YES;
				COPY_PHASE_STRIP = NO;
				DEBUG_INFORMATION_FORMAT = "dwarf-with-dsym";
				ENABLE_NS_ASSERTIONS = NO;
				ENABLE_STRICT_OBJC_MSGSEND = YES;
				GCC_C_LANGUAGE_STANDARD = gnu11;
				GCC_NO_COMMON_BLOCKS = YES;
				GCC_WARN_64_TO_32_BIT_CONVERSION = YES;
				GCC_WARN_ABOUT_RETURN_TYPE = YES_ERROR;
				GCC_WARN_UNDECLARED_SELECTOR = YES;
				GCC_WARN_UNINITIALIZED_AUTOS = YES_AGGRESSIVE;
				GCC_WARN_UNUSED_FUNCTION = YES;
				GCC_WARN_UNUSED_VARIABLE = YES;
				IPHONEOS_DEPLOYMENT_TARGET = 15.4;
				MTL_ENABLE_DEBUG_INFO = NO;
				MTL_FAST_MATH = YES;
				SDKROOT = iphoneos;
				SWIFT_COMPILATION_MODE = wholemodule;
				SWIFT_OPTIMIZATION_LEVEL = "-O";
				VALIDATE_PRODUCT = YES;
			};
			name = Release;
		};
		69D89D4129065440007A5DA6 /* Debug */ = {
			isa = XCBuildConfiguration;
			buildSettings = {
				ASSETCATALOG_COMPILER_APPICON_NAME = AppIcon;
				ASSETCATALOG_COMPILER_GLOBAL_ACCENT_COLOR_NAME = AccentColor;
				CODE_SIGN_STYLE = Automatic;
				CURRENT_PROJECT_VERSION = 1;
				GENERATE_INFOPLIST_FILE = YES;
				INFOPLIST_FILE = weather/Info.plist;
				INFOPLIST_KEY_UIApplicationSupportsIndirectInputEvents = YES;
				INFOPLIST_KEY_UILaunchStoryboardName = LaunchScreen;
				INFOPLIST_KEY_UIMainStoryboardFile = Main;
				INFOPLIST_KEY_UISupportedInterfaceOrientations_iPad = "UIInterfaceOrientationPortrait UIInterfaceOrientationPortraitUpsideDown UIInterfaceOrientationLandscapeLeft UIInterfaceOrientationLandscapeRight";
				INFOPLIST_KEY_UISupportedInterfaceOrientations_iPhone = "UIInterfaceOrientationPortrait UIInterfaceOrientationLandscapeLeft UIInterfaceOrientationLandscapeRight";
				LD_RUNPATH_SEARCH_PATHS = (
					"$(inherited)",
					"@executable_path/Frameworks",
				);
				MARKETING_VERSION = 1.0;
				PRODUCT_BUNDLE_IDENTIFIER = com.bdriah.weather;
				PRODUCT_NAME = "$(TARGET_NAME)";
				SWIFT_EMIT_LOC_STRINGS = YES;
				SWIFT_VERSION = 5.0;
				TARGETED_DEVICE_FAMILY = "1,2";
			};
			name = Debug;
		};
		69D89D4229065440007A5DA6 /* Release */ = {
			isa = XCBuildConfiguration;
			buildSettings = {
				ASSETCATALOG_COMPILER_APPICON_NAME = AppIcon;
				ASSETCATALOG_COMPILER_GLOBAL_ACCENT_COLOR_NAME = AccentColor;
				CODE_SIGN_STYLE = Automatic;
				CURRENT_PROJECT_VERSION = 1;
				GENERATE_INFOPLIST_FILE = YES;
				INFOPLIST_FILE = weather/Info.plist;
				INFOPLIST_KEY_UIApplicationSupportsIndirectInputEvents = YES;
				INFOPLIST_KEY_UILaunchStoryboardName = LaunchScreen;
				INFOPLIST_KEY_UIMainStoryboardFile = Main;
				INFOPLIST_KEY_UISupportedInterfaceOrientations_iPad = "UIInterfaceOrientationPortrait UIInterfaceOrientationPortraitUpsideDown UIInterfaceOrientationLandscapeLeft UIInterfaceOrientationLandscapeRight";
				INFOPLIST_KEY_UISupportedInterfaceOrientations_iPhone = "UIInterfaceOrientationPortrait UIInterfaceOrientationLandscapeLeft UIInterfaceOrientationLandscapeRight";
				LD_RUNPATH_SEARCH_PATHS = (
					"$(inherited)",
					"@executable_path/Frameworks",
				);
				MARKETING_VERSION = 1.0;
				PRODUCT_BUNDLE_IDENTIFIER = com.bdriah.weather;
				PRODUCT_NAME = "$(TARGET_NAME)";
				SWIFT_EMIT_LOC_STRINGS = YES;
				SWIFT_VERSION = 5.0;
				TARGETED_DEVICE_FAMILY = "1,2";
			};
			name = Release;
		};
/* End XCBuildConfiguration section */

/* Begin XCConfigurationList section */
		69D89D242906543F007A5DA6 /* Build configuration list for PBXProject "weather" */ = {
			isa = XCConfigurationList;
			buildConfigurations = (
				69D89D3E29065440007A5DA6 /* Debug */,
				69D89D3F29065440007A5DA6 /* Release */,
			);
			defaultConfigurationIsVisible = 0;
			defaultConfigurationName = Release;
		};
		69D89D4029065440007A5DA6 /* Build configuration list for PBXNativeTarget "weather" */ = {
			isa = XCConfigurationList;
			buildConfigurations = (
				69D89D4129065440007A5DA6 /* Debug */,
				69D89D4229065440007A5DA6 /* Release */,
			);
			defaultConfigurationIsVisible = 0;
			defaultConfigurationName = Release;
		};
/* End XCConfigurationList section */

/* Begin XCRemoteSwiftPackageReference section */
		691A00FE29523C2800369F3F /* XCRemoteSwiftPackageReference "Bonsai" */ = {
			isa = XCRemoteSwiftPackageReference;
			repositoryURL = "https://github.com/rishi420/Bonsai";
			requirement = {
				kind = upToNextMajorVersion;
				minimumVersion = 7.0.0;
			};
		};
		691A01092952DC3B00369F3F /* XCRemoteSwiftPackageReference "NVActivityIndicatorView" */ = {
			isa = XCRemoteSwiftPackageReference;
			repositoryURL = "https://github.com/ninjaprox/NVActivityIndicatorView";
			requirement = {
				branch = master;
				kind = branch;
			};
		};
		69B0F4BF2951830E00591EA6 /* XCRemoteSwiftPackageReference "Alamofire" */ = {
			isa = XCRemoteSwiftPackageReference;
			repositoryURL = "https://github.com/Alamofire/Alamofire.git";
			requirement = {
				branch = master;
				kind = branch;
			};
		};
		69B0F4C2295186AF00591EA6 /* XCRemoteSwiftPackageReference "SwiftyJSON" */ = {
			isa = XCRemoteSwiftPackageReference;
			repositoryURL = "https://github.com/SwiftyJSON/SwiftyJSON";
			requirement = {
				branch = master;
				kind = branch;
			};
		};
/* End XCRemoteSwiftPackageReference section */

/* Begin XCSwiftPackageProductDependency section */
		691A00FF29523C2800369F3F /* BonsaiController */ = {
			isa = XCSwiftPackageProductDependency;
			package = 691A00FE29523C2800369F3F /* XCRemoteSwiftPackageReference "Bonsai" */;
			productName = BonsaiController;
		};
		691A010A2952DC3B00369F3F /* NVActivityIndicatorView */ = {
			isa = XCSwiftPackageProductDependency;
			package = 691A01092952DC3B00369F3F /* XCRemoteSwiftPackageReference "NVActivityIndicatorView" */;
			productName = NVActivityIndicatorView;
		};
		691A010C2952DC3B00369F3F /* NVActivityIndicatorViewExtended */ = {
			isa = XCSwiftPackageProductDependency;
			package = 691A01092952DC3B00369F3F /* XCRemoteSwiftPackageReference "NVActivityIndicatorView" */;
			productName = NVActivityIndicatorViewExtended;
		};
		69B0F4C02951830E00591EA6 /* Alamofire */ = {
			isa = XCSwiftPackageProductDependency;
			package = 69B0F4BF2951830E00591EA6 /* XCRemoteSwiftPackageReference "Alamofire" */;
			productName = Alamofire;
		};
		69B0F4C3295186AF00591EA6 /* SwiftyJSON */ = {
			isa = XCSwiftPackageProductDependency;
			package = 69B0F4C2295186AF00591EA6 /* XCRemoteSwiftPackageReference "SwiftyJSON" */;
			productName = SwiftyJSON;
		};
/* End XCSwiftPackageProductDependency section */

/* Begin XCVersionGroup section */
		69D89D352906543F007A5DA6 /* weather.xcdatamodeld */ = {
			isa = XCVersionGroup;
			children = (
				69D89D362906543F007A5DA6 /* weather.xcdatamodel */,
			);
			currentVersion = 69D89D362906543F007A5DA6 /* weather.xcdatamodel */;
			path = weather.xcdatamodeld;
			sourceTree = "<group>";
			versionGroupType = wrapper.xcdatamodel;
		};
/* End XCVersionGroup section */
	};
	rootObject = 69D89D212906543F007A5DA6 /* Project object */;
}
